{
  "version": 4,
  "terraform_version": "1.13.4",
  "serial": 18,
  "lineage": "5f6e3c10-ba98-ab3e-e57a-799c4c5982b2",
  "outputs": {
    "public_ips": {
      "value": [
        "51.124.178.185",
        "20.61.76.166",
        "4.180.240.111"
      ],
      "type": [
        "tuple",
        [
          "string",
          "string",
          "string"
        ]
      ]
    }
  },
  "resources": [
    {
      "mode": "managed",
      "type": "azurerm_resource_group",
      "name": "rg",
      "provider": "provider[\"registry.terraform.io/hashicorp/azurerm\"]",
      "instances": [
        {
          "schema_version": 0,
          "attributes": {
            "id": "/subscriptions/ab40c45c-21e9-4002-a876-7e5d6ca27106/resourceGroups/project-lab-rg",
            "location": "westeurope",
            "managed_by": "",
            "name": "project-lab-rg",
            "tags": {},
            "timeouts": null
          },
          "sensitive_attributes": [],
          "identity_schema_version": 0,
          "private": "eyJlMmJmYjczMC1lY2FhLTExZTYtOGY4OC0zNDM2M2JjN2M0YzAiOnsiY3JlYXRlIjo1NDAwMDAwMDAwMDAwLCJkZWxldGUiOjU0MDAwMDAwMDAwMDAsInJlYWQiOjMwMDAwMDAwMDAwMCwidXBkYXRlIjo1NDAwMDAwMDAwMDAwfX0="
        }
      ]
    },
    {
      "mode": "managed",
      "type": "azurerm_subnet",
      "name": "subnet",
      "provider": "provider[\"registry.terraform.io/hashicorp/azurerm\"]",
      "instances": [
        {
          "schema_version": 0,
          "attributes": {
            "address_prefixes": [
              "10.0.2.0/24"
            ],
            "default_outbound_access_enabled": true,
            "delegation": [],
            "id": "/subscriptions/ab40c45c-21e9-4002-a876-7e5d6ca27106/resourceGroups/project-lab-rg/providers/Microsoft.Network/virtualNetworks/project-network/subnets/default-subnet",
            "ip_address_pool": [],
            "name": "default-subnet",
            "private_endpoint_network_policies": "Disabled",
            "private_link_service_network_policies_enabled": true,
            "resource_group_name": "project-lab-rg",
            "service_endpoint_policy_ids": [],
            "service_endpoints": [],
            "sharing_scope": "",
            "timeouts": null,
            "virtual_network_name": "project-network"
          },
          "sensitive_attributes": [],
          "identity_schema_version": 0,
          "identity": {
            "name": "default-subnet",
            "resource_group_name": "project-lab-rg",
            "subscription_id": "ab40c45c-21e9-4002-a876-7e5d6ca27106",
            "virtual_network_name": "project-network"
          },
          "private": "eyJlMmJmYjczMC1lY2FhLTExZTYtOGY4OC0zNDM2M2JjN2M0YzAiOnsiY3JlYXRlIjoxODAwMDAwMDAwMDAwLCJkZWxldGUiOjE4MDAwMDAwMDAwMDAsInJlYWQiOjMwMDAwMDAwMDAwMCwidXBkYXRlIjoxODAwMDAwMDAwMDAwfX0=",
          "dependencies": [
            "azurerm_resource_group.rg",
            "azurerm_virtual_network.vnet"
          ]
        }
      ]
    },
    {
      "mode": "managed",
      "type": "azurerm_virtual_network",
      "name": "vnet",
      "provider": "provider[\"registry.terraform.io/hashicorp/azurerm\"]",
      "instances": [
        {
          "schema_version": 0,
          "attributes": {
            "address_space": [
              "10.0.0.0/16"
            ],
            "bgp_community": "",
            "ddos_protection_plan": [],
            "dns_servers": [],
            "edge_zone": "",
            "encryption": [],
            "flow_timeout_in_minutes": 0,
            "guid": "bb375f2c-4169-47db-b52b-802bc08949e9",
            "id": "/subscriptions/ab40c45c-21e9-4002-a876-7e5d6ca27106/resourceGroups/project-lab-rg/providers/Microsoft.Network/virtualNetworks/project-network",
            "ip_address_pool": [],
            "location": "westeurope",
            "name": "project-network",
            "private_endpoint_vnet_policies": "Disabled",
            "resource_group_name": "project-lab-rg",
            "subnet": [
              {
                "address_prefixes": [
                  "10.0.2.0/24"
                ],
                "default_outbound_access_enabled": true,
                "delegation": [],
                "id": "/subscriptions/ab40c45c-21e9-4002-a876-7e5d6ca27106/resourceGroups/project-lab-rg/providers/Microsoft.Network/virtualNetworks/project-network/subnets/default-subnet",
                "name": "default-subnet",
                "private_endpoint_network_policies": "Disabled",
                "private_link_service_network_policies_enabled": true,
                "route_table_id": "",
                "security_group": "",
                "service_endpoint_policy_ids": [],
                "service_endpoints": []
              }
            ],
            "tags": {},
            "timeouts": null
          },
          "sensitive_attributes": [],
          "identity_schema_version": 0,
          "identity": {
            "name": "project-network",
            "resource_group_name": "project-lab-rg",
            "subscription_id": "ab40c45c-21e9-4002-a876-7e5d6ca27106"
          },
          "private": "eyJlMmJmYjczMC1lY2FhLTExZTYtOGY4OC0zNDM2M2JjN2M0YzAiOnsiY3JlYXRlIjoxODAwMDAwMDAwMDAwLCJkZWxldGUiOjE4MDAwMDAwMDAwMDAsInJlYWQiOjMwMDAwMDAwMDAwMCwidXBkYXRlIjoxODAwMDAwMDAwMDAwfX0=",
          "dependencies": [
            "azurerm_resource_group.rg"
          ]
        }
      ]
    },
    {
      "module": "module.vm[\"vm1\"]",
      "mode": "managed",
      "type": "azurerm_linux_virtual_machine",
      "name": "vm",
      "provider": "provider[\"registry.terraform.io/hashicorp/azurerm\"]",
      "instances": [
        {
          "schema_version": 0,
          "attributes": {
            "additional_capabilities": [],
            "admin_password": null,
            "admin_ssh_key": [
              {
                "public_key": "ssh-rsa AAAAB3NzaC1yc2EAAAADAQABAAACAQCwFlU3774hz/KqmCf+USR76c/FyhhJ7gQBy0Tt6BsG5csad0DkTQj9nO8sKsJWwMR1YLi1unLoIpS129dFz1aQDbx8wrh6NYE4fqN39A+ky6xhjJrxn6J6kFEUFkrKAOdJBdon0tLHaCYJkv8zNlI68gBFw4vk87nJbcxG97elgtmZJD7D7Q4tT9BiQBVRiGGwM2zbMHq9Zqf92d2Ok0lUbXpe/Ady5K5xLJJgNEtaJIEonV21yfcySMHPWgHsVCh171H97j9NKmTUJiEF5v87zSO2cu8PtbXP+VTqudnPEaUgA5uDQt69K2XUE3boyBmAkLo4EobU8rXzem00PDSp8xdM9V8Fq3FkvwDNtn1vAh7yNbiU2umyfT/cqOTgWe/YRP3/L9/sWBSeyaeZoLanJbFUp+DP/B8RYRnWTXqGVGAcpvTkdP6/JW/8uVDXNEqts0VG6aijvp6VgXF/rUSjTl2OcFyqphfYLzDeB4j1z1ZlvSkQzL5phkwZ3EJQtyoc73jb7/NTV9KHw9KdW/AbmL3FILvJx/CbKZPzq+i07WhrgSQUn72N3avApeH350OLXC28ygLG6bKJ+2Hc6lRFajrYR4SASryYxCyQwVFBPbKCReVymd42TR0grzBWwcONNpI5ghtNS7tSqTN9B2KRxo8QjhNnBKwEoqjx0tqIQQ== terraform-lab-key\r\n",
                "username": "azureuser"
              }
            ],
            "admin_username": "azureuser",
            "allow_extension_operations": true,
            "availability_set_id": "",
            "boot_diagnostics": [],
            "bypass_platform_safety_checks_on_user_schedule_enabled": false,
            "capacity_reservation_group_id": "",
            "computer_name": "vm1",
            "custom_data": null,
            "dedicated_host_group_id": "",
            "dedicated_host_id": "",
            "disable_password_authentication": true,
            "disk_controller_type": "",
            "edge_zone": "",
            "encryption_at_host_enabled": false,
            "eviction_policy": "",
            "extensions_time_budget": "PT1H30M",
            "gallery_application": [],
            "id": "/subscriptions/ab40c45c-21e9-4002-a876-7e5d6ca27106/resourceGroups/project-lab-rg/providers/Microsoft.Compute/virtualMachines/vm1",
            "identity": [],
            "license_type": "",
            "location": "westeurope",
            "max_bid_price": -1,
            "name": "vm1",
            "network_interface_ids": [
              "/subscriptions/ab40c45c-21e9-4002-a876-7e5d6ca27106/resourceGroups/project-lab-rg/providers/Microsoft.Network/networkInterfaces/vm1-nic"
            ],
            "os_disk": [
              {
                "caching": "ReadWrite",
                "diff_disk_settings": [],
                "disk_encryption_set_id": "",
                "disk_size_gb": 30,
                "id": "/subscriptions/ab40c45c-21e9-4002-a876-7e5d6ca27106/resourceGroups/project-lab-rg/providers/Microsoft.Compute/disks/vm1_disk1_d85526a5bc274a82a25d1bba117ce7bf",
                "name": "vm1_disk1_d85526a5bc274a82a25d1bba117ce7bf",
                "secure_vm_disk_encryption_set_id": "",
                "security_encryption_type": "",
                "storage_account_type": "Standard_LRS",
                "write_accelerator_enabled": false
              }
            ],
            "os_image_notification": [],
            "os_managed_disk_id": "/subscriptions/ab40c45c-21e9-4002-a876-7e5d6ca27106/resourceGroups/project-lab-rg/providers/Microsoft.Compute/disks/vm1_disk1_d85526a5bc274a82a25d1bba117ce7bf",
            "patch_assessment_mode": "ImageDefault",
            "patch_mode": "ImageDefault",
            "plan": [],
            "platform_fault_domain": -1,
            "priority": "Regular",
            "private_ip_address": "10.0.2.4",
            "private_ip_addresses": [
              "10.0.2.4"
            ],
            "provision_vm_agent": true,
            "proximity_placement_group_id": "",
            "public_ip_address": "51.124.178.185",
            "public_ip_addresses": [
              "51.124.178.185"
            ],
            "reboot_setting": "",
            "resource_group_name": "project-lab-rg",
            "secret": [],
            "secure_boot_enabled": false,
            "size": "Standard_B1s",
            "source_image_id": "",
            "source_image_reference": [
              {
                "offer": "UbuntuServer",
                "publisher": "Canonical",
                "sku": "18.04-LTS",
                "version": "latest"
              }
            ],
            "tags": {},
            "termination_notification": [],
            "timeouts": null,
            "user_data": "",
            "virtual_machine_id": "79d1e1b5-5b4a-47ec-a6f1-952a77d6418c",
            "virtual_machine_scale_set_id": "",
            "vm_agent_platform_updates_enabled": false,
            "vtpm_enabled": false,
            "zone": ""
          },
          "sensitive_attributes": [
            [
              {
                "type": "get_attr",
                "value": "admin_password"
              }
            ],
            [
              {
                "type": "get_attr",
                "value": "custom_data"
              }
            ]
          ],
          "identity_schema_version": 0,
          "private": "eyJlMmJmYjczMC1lY2FhLTExZTYtOGY4OC0zNDM2M2JjN2M0YzAiOnsiY3JlYXRlIjoyNzAwMDAwMDAwMDAwLCJkZWxldGUiOjI3MDAwMDAwMDAwMDAsInJlYWQiOjMwMDAwMDAwMDAwMCwidXBkYXRlIjoyNzAwMDAwMDAwMDAwfX0=",
          "dependencies": [
            "azurerm_resource_group.rg",
            "azurerm_subnet.subnet",
            "azurerm_virtual_network.vnet",
            "module.vm.azurerm_network_interface.nic",
            "module.vm.azurerm_public_ip.vm_public_ip"
          ]
        }
      ]
    },
    {
      "module": "module.vm[\"vm1\"]",
      "mode": "managed",
      "type": "azurerm_network_interface",
      "name": "nic",
      "provider": "provider[\"registry.terraform.io/hashicorp/azurerm\"]",
      "instances": [
        {
          "schema_version": 0,
          "attributes": {
            "accelerated_networking_enabled": false,
            "applied_dns_servers": [],
            "auxiliary_mode": "",
            "auxiliary_sku": "",
            "dns_servers": [],
            "edge_zone": "",
            "id": "/subscriptions/ab40c45c-21e9-4002-a876-7e5d6ca27106/resourceGroups/project-lab-rg/providers/Microsoft.Network/networkInterfaces/vm1-nic",
            "internal_dns_name_label": "",
            "internal_domain_name_suffix": "frptpo1jihnupnjlqav2bckj3b.ax.internal.cloudapp.net",
            "ip_configuration": [
              {
                "gateway_load_balancer_frontend_ip_configuration_id": "",
                "name": "internal",
                "primary": true,
                "private_ip_address": "10.0.2.4",
                "private_ip_address_allocation": "Dynamic",
                "private_ip_address_version": "IPv4",
                "public_ip_address_id": "/subscriptions/ab40c45c-21e9-4002-a876-7e5d6ca27106/resourceGroups/project-lab-rg/providers/Microsoft.Network/publicIPAddresses/vm1-ip",
                "subnet_id": "/subscriptions/ab40c45c-21e9-4002-a876-7e5d6ca27106/resourceGroups/project-lab-rg/providers/Microsoft.Network/virtualNetworks/project-network/subnets/default-subnet"
              }
            ],
            "ip_forwarding_enabled": false,
            "location": "westeurope",
            "mac_address": "7C-1E-52-5D-D3-56",
            "name": "vm1-nic",
            "private_ip_address": "10.0.2.4",
            "private_ip_addresses": [
              "10.0.2.4"
            ],
            "resource_group_name": "project-lab-rg",
            "tags": {},
            "timeouts": null,
            "virtual_machine_id": "/subscriptions/ab40c45c-21e9-4002-a876-7e5d6ca27106/resourceGroups/project-lab-rg/providers/Microsoft.Compute/virtualMachines/vm1"
          },
          "sensitive_attributes": [],
          "identity_schema_version": 0,
          "identity": {
            "name": "vm1-nic",
            "resource_group_name": "project-lab-rg",
            "subscription_id": "ab40c45c-21e9-4002-a876-7e5d6ca27106"
          },
          "private": "eyJlMmJmYjczMC1lY2FhLTExZTYtOGY4OC0zNDM2M2JjN2M0YzAiOnsiY3JlYXRlIjoxODAwMDAwMDAwMDAwLCJkZWxldGUiOjE4MDAwMDAwMDAwMDAsInJlYWQiOjMwMDAwMDAwMDAwMCwidXBkYXRlIjoxODAwMDAwMDAwMDAwfX0=",
          "dependencies": [
            "azurerm_resource_group.rg",
            "azurerm_subnet.subnet",
            "azurerm_virtual_network.vnet",
            "module.vm.azurerm_public_ip.vm_public_ip"
          ]
        }
      ]
    },
    {
      "module": "module.vm[\"vm1\"]",
      "mode": "managed",
      "type": "azurerm_public_ip",
      "name": "vm_public_ip",
      "provider": "provider[\"registry.terraform.io/hashicorp/azurerm\"]",
      "instances": [
        {
          "schema_version": 0,
          "attributes": {
            "allocation_method": "Dynamic",
            "ddos_protection_mode": "VirtualNetworkInherited",
            "ddos_protection_plan_id": null,
            "domain_name_label": null,
            "domain_name_label_scope": null,
            "edge_zone": "",
            "fqdn": null,
            "id": "/subscriptions/ab40c45c-21e9-4002-a876-7e5d6ca27106/resourceGroups/project-lab-rg/providers/Microsoft.Network/publicIPAddresses/vm1-ip",
            "idle_timeout_in_minutes": 4,
            "ip_address": "51.124.178.185",
            "ip_tags": {},
            "ip_version": "IPv4",
            "location": "westeurope",
            "name": "vm1-ip",
            "public_ip_prefix_id": null,
            "resource_group_name": "project-lab-rg",
            "reverse_fqdn": null,
            "sku": "Basic",
            "sku_tier": "Regional",
            "tags": {},
            "timeouts": null,
            "zones": []
          },
          "sensitive_attributes": [],
          "identity_schema_version": 0,
          "private": "eyJlMmJmYjczMC1lY2FhLTExZTYtOGY4OC0zNDM2M2JjN2M0YzAiOnsiY3JlYXRlIjoxODAwMDAwMDAwMDAwLCJkZWxldGUiOjE4MDAwMDAwMDAwMDAsInJlYWQiOjMwMDAwMDAwMDAwMCwidXBkYXRlIjoxODAwMDAwMDAwMDAwfX0=",
          "dependencies": [
            "azurerm_resource_group.rg"
          ]
        }
      ]
    },
    {
      "module": "module.vm[\"vm2\"]",
      "mode": "managed",
      "type": "azurerm_linux_virtual_machine",
      "name": "vm",
      "provider": "provider[\"registry.terraform.io/hashicorp/azurerm\"]",
      "instances": [
        {
          "schema_version": 0,
          "attributes": {
            "additional_capabilities": [],
            "admin_password": null,
            "admin_ssh_key": [
              {
                "public_key": "ssh-rsa AAAAB3NzaC1yc2EAAAADAQABAAACAQCwFlU3774hz/KqmCf+USR76c/FyhhJ7gQBy0Tt6BsG5csad0DkTQj9nO8sKsJWwMR1YLi1unLoIpS129dFz1aQDbx8wrh6NYE4fqN39A+ky6xhjJrxn6J6kFEUFkrKAOdJBdon0tLHaCYJkv8zNlI68gBFw4vk87nJbcxG97elgtmZJD7D7Q4tT9BiQBVRiGGwM2zbMHq9Zqf92d2Ok0lUbXpe/Ady5K5xLJJgNEtaJIEonV21yfcySMHPWgHsVCh171H97j9NKmTUJiEF5v87zSO2cu8PtbXP+VTqudnPEaUgA5uDQt69K2XUE3boyBmAkLo4EobU8rXzem00PDSp8xdM9V8Fq3FkvwDNtn1vAh7yNbiU2umyfT/cqOTgWe/YRP3/L9/sWBSeyaeZoLanJbFUp+DP/B8RYRnWTXqGVGAcpvTkdP6/JW/8uVDXNEqts0VG6aijvp6VgXF/rUSjTl2OcFyqphfYLzDeB4j1z1ZlvSkQzL5phkwZ3EJQtyoc73jb7/NTV9KHw9KdW/AbmL3FILvJx/CbKZPzq+i07WhrgSQUn72N3avApeH350OLXC28ygLG6bKJ+2Hc6lRFajrYR4SASryYxCyQwVFBPbKCReVymd42TR0grzBWwcONNpI5ghtNS7tSqTN9B2KRxo8QjhNnBKwEoqjx0tqIQQ== terraform-lab-key\r\n",
                "username": "azureuser"
              }
            ],
            "admin_username": "azureuser",
            "allow_extension_operations": true,
            "availability_set_id": "",
            "boot_diagnostics": [],
            "bypass_platform_safety_checks_on_user_schedule_enabled": false,
            "capacity_reservation_group_id": "",
            "computer_name": "vm2",
            "custom_data": null,
            "dedicated_host_group_id": "",
            "dedicated_host_id": "",
            "disable_password_authentication": true,
            "disk_controller_type": "",
            "edge_zone": "",
            "encryption_at_host_enabled": false,
            "eviction_policy": "",
            "extensions_time_budget": "PT1H30M",
            "gallery_application": [],
            "id": "/subscriptions/ab40c45c-21e9-4002-a876-7e5d6ca27106/resourceGroups/project-lab-rg/providers/Microsoft.Compute/virtualMachines/vm2",
            "identity": [],
            "license_type": "",
            "location": "westeurope",
            "max_bid_price": -1,
            "name": "vm2",
            "network_interface_ids": [
              "/subscriptions/ab40c45c-21e9-4002-a876-7e5d6ca27106/resourceGroups/project-lab-rg/providers/Microsoft.Network/networkInterfaces/vm2-nic"
            ],
            "os_disk": [
              {
                "caching": "ReadWrite",
                "diff_disk_settings": [],
                "disk_encryption_set_id": "",
                "disk_size_gb": 30,
                "id": "/subscriptions/ab40c45c-21e9-4002-a876-7e5d6ca27106/resourceGroups/project-lab-rg/providers/Microsoft.Compute/disks/vm2_disk1_08dc66cce6ca417790cf5b9c910f217d",
                "name": "vm2_disk1_08dc66cce6ca417790cf5b9c910f217d",
                "secure_vm_disk_encryption_set_id": "",
                "security_encryption_type": "",
                "storage_account_type": "Standard_LRS",
                "write_accelerator_enabled": false
              }
            ],
            "os_image_notification": [],
            "os_managed_disk_id": "/subscriptions/ab40c45c-21e9-4002-a876-7e5d6ca27106/resourceGroups/project-lab-rg/providers/Microsoft.Compute/disks/vm2_disk1_08dc66cce6ca417790cf5b9c910f217d",
            "patch_assessment_mode": "ImageDefault",
            "patch_mode": "ImageDefault",
            "plan": [],
            "platform_fault_domain": -1,
            "priority": "Regular",
            "private_ip_address": "10.0.2.6",
            "private_ip_addresses": [
              "10.0.2.6"
            ],
            "provision_vm_agent": true,
            "proximity_placement_group_id": "",
            "public_ip_address": "20.61.76.166",
            "public_ip_addresses": [
              "20.61.76.166"
            ],
            "reboot_setting": "",
            "resource_group_name": "project-lab-rg",
            "secret": [],
            "secure_boot_enabled": false,
            "size": "Standard_B1s",
            "source_image_id": "",
            "source_image_reference": [
              {
                "offer": "UbuntuServer",
                "publisher": "Canonical",
                "sku": "18.04-LTS",
                "version": "latest"
              }
            ],
            "tags": {},
            "termination_notification": [],
            "timeouts": null,
            "user_data": "",
            "virtual_machine_id": "86140267-25ba-4c2e-83f1-09a34d8d7230",
            "virtual_machine_scale_set_id": "",
            "vm_agent_platform_updates_enabled": false,
            "vtpm_enabled": false,
            "zone": ""
          },
          "sensitive_attributes": [
            [
              {
                "type": "get_attr",
                "value": "admin_password"
              }
            ],
            [
              {
                "type": "get_attr",
                "value": "custom_data"
              }
            ]
          ],
          "identity_schema_version": 0,
          "private": "eyJlMmJmYjczMC1lY2FhLTExZTYtOGY4OC0zNDM2M2JjN2M0YzAiOnsiY3JlYXRlIjoyNzAwMDAwMDAwMDAwLCJkZWxldGUiOjI3MDAwMDAwMDAwMDAsInJlYWQiOjMwMDAwMDAwMDAwMCwidXBkYXRlIjoyNzAwMDAwMDAwMDAwfX0=",
          "dependencies": [
            "azurerm_resource_group.rg",
            "azurerm_subnet.subnet",
            "azurerm_virtual_network.vnet",
            "module.vm.azurerm_network_interface.nic",
            "module.vm.azurerm_public_ip.vm_public_ip"
          ]
        }
      ]
    },
    {
      "module": "module.vm[\"vm2\"]",
      "mode": "managed",
      "type": "azurerm_network_interface",
      "name": "nic",
      "provider": "provider[\"registry.terraform.io/hashicorp/azurerm\"]",
      "instances": [
        {
          "schema_version": 0,
          "attributes": {
            "accelerated_networking_enabled": false,
            "applied_dns_servers": [],
            "auxiliary_mode": "",
            "auxiliary_sku": "",
            "dns_servers": [],
            "edge_zone": "",
            "id": "/subscriptions/ab40c45c-21e9-4002-a876-7e5d6ca27106/resourceGroups/project-lab-rg/providers/Microsoft.Network/networkInterfaces/vm2-nic",
            "internal_dns_name_label": "",
            "internal_domain_name_suffix": "frptpo1jihnupnjlqav2bckj3b.ax.internal.cloudapp.net",
            "ip_configuration": [
              {
                "gateway_load_balancer_frontend_ip_configuration_id": "",
                "name": "internal",
                "primary": true,
                "private_ip_address": "10.0.2.6",
                "private_ip_address_allocation": "Dynamic",
                "private_ip_address_version": "IPv4",
                "public_ip_address_id": "/subscriptions/ab40c45c-21e9-4002-a876-7e5d6ca27106/resourceGroups/project-lab-rg/providers/Microsoft.Network/publicIPAddresses/vm2-ip",
                "subnet_id": "/subscriptions/ab40c45c-21e9-4002-a876-7e5d6ca27106/resourceGroups/project-lab-rg/providers/Microsoft.Network/virtualNetworks/project-network/subnets/default-subnet"
              }
            ],
            "ip_forwarding_enabled": false,
            "location": "westeurope",
            "mac_address": "7C-ED-8D-5A-6F-5B",
            "name": "vm2-nic",
            "private_ip_address": "10.0.2.6",
            "private_ip_addresses": [
              "10.0.2.6"
            ],
            "resource_group_name": "project-lab-rg",
            "tags": {},
            "timeouts": null,
            "virtual_machine_id": "/subscriptions/ab40c45c-21e9-4002-a876-7e5d6ca27106/resourceGroups/project-lab-rg/providers/Microsoft.Compute/virtualMachines/vm2"
          },
          "sensitive_attributes": [],
          "identity_schema_version": 0,
          "identity": {
            "name": "vm2-nic",
            "resource_group_name": "project-lab-rg",
            "subscription_id": "ab40c45c-21e9-4002-a876-7e5d6ca27106"
          },
          "private": "eyJlMmJmYjczMC1lY2FhLTExZTYtOGY4OC0zNDM2M2JjN2M0YzAiOnsiY3JlYXRlIjoxODAwMDAwMDAwMDAwLCJkZWxldGUiOjE4MDAwMDAwMDAwMDAsInJlYWQiOjMwMDAwMDAwMDAwMCwidXBkYXRlIjoxODAwMDAwMDAwMDAwfX0=",
          "dependencies": [
            "azurerm_resource_group.rg",
            "azurerm_subnet.subnet",
            "azurerm_virtual_network.vnet",
            "module.vm.azurerm_public_ip.vm_public_ip"
          ]
        }
      ]
    },
    {
      "module": "module.vm[\"vm2\"]",
      "mode": "managed",
      "type": "azurerm_public_ip",
      "name": "vm_public_ip",
      "provider": "provider[\"registry.terraform.io/hashicorp/azurerm\"]",
      "instances": [
        {
          "schema_version": 0,
          "attributes": {
            "allocation_method": "Dynamic",
            "ddos_protection_mode": "VirtualNetworkInherited",
            "ddos_protection_plan_id": null,
            "domain_name_label": null,
            "domain_name_label_scope": null,
            "edge_zone": "",
            "fqdn": null,
            "id": "/subscriptions/ab40c45c-21e9-4002-a876-7e5d6ca27106/resourceGroups/project-lab-rg/providers/Microsoft.Network/publicIPAddresses/vm2-ip",
            "idle_timeout_in_minutes": 4,
            "ip_address": "20.61.76.166",
            "ip_tags": {},
            "ip_version": "IPv4",
            "location": "westeurope",
            "name": "vm2-ip",
            "public_ip_prefix_id": null,
            "resource_group_name": "project-lab-rg",
            "reverse_fqdn": null,
            "sku": "Basic",
            "sku_tier": "Regional",
            "tags": {},
            "timeouts": null,
            "zones": []
          },
          "sensitive_attributes": [],
          "identity_schema_version": 0,
          "private": "eyJlMmJmYjczMC1lY2FhLTExZTYtOGY4OC0zNDM2M2JjN2M0YzAiOnsiY3JlYXRlIjoxODAwMDAwMDAwMDAwLCJkZWxldGUiOjE4MDAwMDAwMDAwMDAsInJlYWQiOjMwMDAwMDAwMDAwMCwidXBkYXRlIjoxODAwMDAwMDAwMDAwfX0=",
          "dependencies": [
            "azurerm_resource_group.rg"
          ]
        }
      ]
    },
    {
      "module": "module.vm[\"vm3\"]",
      "mode": "managed",
      "type": "azurerm_linux_virtual_machine",
      "name": "vm",
      "provider": "provider[\"registry.terraform.io/hashicorp/azurerm\"]",
      "instances": [
        {
          "schema_version": 0,
          "attributes": {
            "additional_capabilities": [],
            "admin_password": null,
            "admin_ssh_key": [
              {
                "public_key": "ssh-rsa AAAAB3NzaC1yc2EAAAADAQABAAACAQCwFlU3774hz/KqmCf+USR76c/FyhhJ7gQBy0Tt6BsG5csad0DkTQj9nO8sKsJWwMR1YLi1unLoIpS129dFz1aQDbx8wrh6NYE4fqN39A+ky6xhjJrxn6J6kFEUFkrKAOdJBdon0tLHaCYJkv8zNlI68gBFw4vk87nJbcxG97elgtmZJD7D7Q4tT9BiQBVRiGGwM2zbMHq9Zqf92d2Ok0lUbXpe/Ady5K5xLJJgNEtaJIEonV21yfcySMHPWgHsVCh171H97j9NKmTUJiEF5v87zSO2cu8PtbXP+VTqudnPEaUgA5uDQt69K2XUE3boyBmAkLo4EobU8rXzem00PDSp8xdM9V8Fq3FkvwDNtn1vAh7yNbiU2umyfT/cqOTgWe/YRP3/L9/sWBSeyaeZoLanJbFUp+DP/B8RYRnWTXqGVGAcpvTkdP6/JW/8uVDXNEqts0VG6aijvp6VgXF/rUSjTl2OcFyqphfYLzDeB4j1z1ZlvSkQzL5phkwZ3EJQtyoc73jb7/NTV9KHw9KdW/AbmL3FILvJx/CbKZPzq+i07WhrgSQUn72N3avApeH350OLXC28ygLG6bKJ+2Hc6lRFajrYR4SASryYxCyQwVFBPbKCReVymd42TR0grzBWwcONNpI5ghtNS7tSqTN9B2KRxo8QjhNnBKwEoqjx0tqIQQ== terraform-lab-key\r\n",
                "username": "azureuser"
              }
            ],
            "admin_username": "azureuser",
            "allow_extension_operations": true,
            "availability_set_id": "",
            "boot_diagnostics": [],
            "bypass_platform_safety_checks_on_user_schedule_enabled": false,
            "capacity_reservation_group_id": "",
            "computer_name": "vm3",
            "custom_data": null,
            "dedicated_host_group_id": "",
            "dedicated_host_id": "",
            "disable_password_authentication": true,
            "disk_controller_type": "",
            "edge_zone": "",
            "encryption_at_host_enabled": false,
            "eviction_policy": "",
            "extensions_time_budget": "PT1H30M",
            "gallery_application": [],
            "id": "/subscriptions/ab40c45c-21e9-4002-a876-7e5d6ca27106/resourceGroups/project-lab-rg/providers/Microsoft.Compute/virtualMachines/vm3",
            "identity": [],
            "license_type": "",
            "location": "westeurope",
            "max_bid_price": -1,
            "name": "vm3",
            "network_interface_ids": [
              "/subscriptions/ab40c45c-21e9-4002-a876-7e5d6ca27106/resourceGroups/project-lab-rg/providers/Microsoft.Network/networkInterfaces/vm3-nic"
            ],
            "os_disk": [
              {
                "caching": "ReadWrite",
                "diff_disk_settings": [],
                "disk_encryption_set_id": "",
                "disk_size_gb": 30,
                "id": "/subscriptions/ab40c45c-21e9-4002-a876-7e5d6ca27106/resourceGroups/project-lab-rg/providers/Microsoft.Compute/disks/vm3_disk1_1ff1ff1544724e58be4e53565888ee8f",
                "name": "vm3_disk1_1ff1ff1544724e58be4e53565888ee8f",
                "secure_vm_disk_encryption_set_id": "",
                "security_encryption_type": "",
                "storage_account_type": "Standard_LRS",
                "write_accelerator_enabled": false
              }
            ],
            "os_image_notification": [],
            "os_managed_disk_id": "/subscriptions/ab40c45c-21e9-4002-a876-7e5d6ca27106/resourceGroups/project-lab-rg/providers/Microsoft.Compute/disks/vm3_disk1_1ff1ff1544724e58be4e53565888ee8f",
            "patch_assessment_mode": "ImageDefault",
            "patch_mode": "ImageDefault",
            "plan": [],
            "platform_fault_domain": -1,
            "priority": "Regular",
            "private_ip_address": "10.0.2.5",
            "private_ip_addresses": [
              "10.0.2.5"
            ],
            "provision_vm_agent": true,
            "proximity_placement_group_id": "",
            "public_ip_address": "4.180.240.111",
            "public_ip_addresses": [
              "4.180.240.111"
            ],
            "reboot_setting": "",
            "resource_group_name": "project-lab-rg",
            "secret": [],
            "secure_boot_enabled": false,
            "size": "Standard_B1s",
            "source_image_id": "",
            "source_image_reference": [
              {
                "offer": "UbuntuServer",
                "publisher": "Canonical",
                "sku": "18.04-LTS",
                "version": "latest"
              }
            ],
            "tags": {},
            "termination_notification": [],
            "timeouts": null,
            "user_data": "",
            "virtual_machine_id": "fffaa2c2-3bec-4b37-8ee5-869202bc1e3c",
            "virtual_machine_scale_set_id": "",
            "vm_agent_platform_updates_enabled": false,
            "vtpm_enabled": false,
            "zone": ""
          },
          "sensitive_attributes": [
            [
              {
                "type": "get_attr",
                "value": "admin_password"
              }
            ],
            [
              {
                "type": "get_attr",
                "value": "custom_data"
              }
            ]
          ],
          "identity_schema_version": 0,
          "private": "eyJlMmJmYjczMC1lY2FhLTExZTYtOGY4OC0zNDM2M2JjN2M0YzAiOnsiY3JlYXRlIjoyNzAwMDAwMDAwMDAwLCJkZWxldGUiOjI3MDAwMDAwMDAwMDAsInJlYWQiOjMwMDAwMDAwMDAwMCwidXBkYXRlIjoyNzAwMDAwMDAwMDAwfX0=",
          "dependencies": [
            "azurerm_resource_group.rg",
            "azurerm_subnet.subnet",
            "azurerm_virtual_network.vnet",
            "module.vm.azurerm_network_interface.nic",
            "module.vm.azurerm_public_ip.vm_public_ip"
          ]
        }
      ]
    },
    {
      "module": "module.vm[\"vm3\"]",
      "mode": "managed",
      "type": "azurerm_network_interface",
      "name": "nic",
      "provider": "provider[\"registry.terraform.io/hashicorp/azurerm\"]",
      "instances": [
        {
          "schema_version": 0,
          "attributes": {
            "accelerated_networking_enabled": false,
            "applied_dns_servers": [],
            "auxiliary_mode": "",
            "auxiliary_sku": "",
            "dns_servers": [],
            "edge_zone": "",
            "id": "/subscriptions/ab40c45c-21e9-4002-a876-7e5d6ca27106/resourceGroups/project-lab-rg/providers/Microsoft.Network/networkInterfaces/vm3-nic",
            "internal_dns_name_label": "",
            "internal_domain_name_suffix": "frptpo1jihnupnjlqav2bckj3b.ax.internal.cloudapp.net",
            "ip_configuration": [
              {
                "gateway_load_balancer_frontend_ip_configuration_id": "",
                "name": "internal",
                "primary": true,
                "private_ip_address": "10.0.2.5",
                "private_ip_address_allocation": "Dynamic",
                "private_ip_address_version": "IPv4",
                "public_ip_address_id": "/subscriptions/ab40c45c-21e9-4002-a876-7e5d6ca27106/resourceGroups/project-lab-rg/providers/Microsoft.Network/publicIPAddresses/vm3-ip",
                "subnet_id": "/subscriptions/ab40c45c-21e9-4002-a876-7e5d6ca27106/resourceGroups/project-lab-rg/providers/Microsoft.Network/virtualNetworks/project-network/subnets/default-subnet"
              }
            ],
            "ip_forwarding_enabled": false,
            "location": "westeurope",
            "mac_address": "60-45-BD-9E-FB-D4",
            "name": "vm3-nic",
            "private_ip_address": "10.0.2.5",
            "private_ip_addresses": [
              "10.0.2.5"
            ],
            "resource_group_name": "project-lab-rg",
            "tags": {},
            "timeouts": null,
            "virtual_machine_id": "/subscriptions/ab40c45c-21e9-4002-a876-7e5d6ca27106/resourceGroups/project-lab-rg/providers/Microsoft.Compute/virtualMachines/vm3"
          },
          "sensitive_attributes": [],
          "identity_schema_version": 0,
          "identity": {
            "name": "vm3-nic",
            "resource_group_name": "project-lab-rg",
            "subscription_id": "ab40c45c-21e9-4002-a876-7e5d6ca27106"
          },
          "private": "eyJlMmJmYjczMC1lY2FhLTExZTYtOGY4OC0zNDM2M2JjN2M0YzAiOnsiY3JlYXRlIjoxODAwMDAwMDAwMDAwLCJkZWxldGUiOjE4MDAwMDAwMDAwMDAsInJlYWQiOjMwMDAwMDAwMDAwMCwidXBkYXRlIjoxODAwMDAwMDAwMDAwfX0=",
          "dependencies": [
            "azurerm_resource_group.rg",
            "azurerm_subnet.subnet",
            "azurerm_virtual_network.vnet",
            "module.vm.azurerm_public_ip.vm_public_ip"
          ]
        }
      ]
    },
    {
      "module": "module.vm[\"vm3\"]",
      "mode": "managed",
      "type": "azurerm_public_ip",
      "name": "vm_public_ip",
      "provider": "provider[\"registry.terraform.io/hashicorp/azurerm\"]",
      "instances": [
        {
          "schema_version": 0,
          "attributes": {
            "allocation_method": "Dynamic",
            "ddos_protection_mode": "VirtualNetworkInherited",
            "ddos_protection_plan_id": null,
            "domain_name_label": null,
            "domain_name_label_scope": null,
            "edge_zone": "",
            "fqdn": null,
            "id": "/subscriptions/ab40c45c-21e9-4002-a876-7e5d6ca27106/resourceGroups/project-lab-rg/providers/Microsoft.Network/publicIPAddresses/vm3-ip",
            "idle_timeout_in_minutes": 4,
            "ip_address": "4.180.240.111",
            "ip_tags": {},
            "ip_version": "IPv4",
            "location": "westeurope",
            "name": "vm3-ip",
            "public_ip_prefix_id": null,
            "resource_group_name": "project-lab-rg",
            "reverse_fqdn": null,
            "sku": "Basic",
            "sku_tier": "Regional",
            "tags": {},
            "timeouts": null,
            "zones": []
          },
          "sensitive_attributes": [],
          "identity_schema_version": 0,
          "private": "eyJlMmJmYjczMC1lY2FhLTExZTYtOGY4OC0zNDM2M2JjN2M0YzAiOnsiY3JlYXRlIjoxODAwMDAwMDAwMDAwLCJkZWxldGUiOjE4MDAwMDAwMDAwMDAsInJlYWQiOjMwMDAwMDAwMDAwMCwidXBkYXRlIjoxODAwMDAwMDAwMDAwfX0=",
          "dependencies": [
            "azurerm_resource_group.rg"
          ]
        }
      ]
    }
  ],
  "check_results": null
}
